
Microsoft Visual Studio Solution File, Format Version 12.00
# Visual Studio 15
VisualStudioVersion = 15.0.28307.489
MinimumVisualStudioVersion = 10.0.40219.1
Project("{FAE04EC0-301F-11D3-BF4B-00C04F79EFBC}") = "Decorator", "Decorator\Decorator.csproj", "{2FCAD46C-2F3E-409C-AD8B-6AA316C8C752}"
EndProject
Project("{FAE04EC0-301F-11D3-BF4B-00C04F79EFBC}") = "DecoratorForm", "DecoratorForm\DecoratorForm.csproj", "{C4284F58-3962-40F7-B0CE-7CC32AFBE7CE}"
EndProject
Global
	GlobalSection(SolutionConfigurationPlatforms) = preSolution
		Debug|Any CPU = Debug|Any CPU
		Release|Any CPU = Release|Any CPU
	EndGlobalSection
	GlobalSection(ProjectConfigurationPlatforms) = postSolution
		{2FCAD46C-2F3E-409C-AD8B-6AA316C8C752}.Debug|Any CPU.ActiveCfg = Debug|Any CPU
		{2FCAD46C-2F3E-409C-AD8B-6AA316C8C752}.Debug|Any CPU.Build.0 = Debug|Any CPU
		{2FCAD46C-2F3E-409C-AD8B-6AA316C8C752}.Release|Any CPU.ActiveCfg = Release|Any CPU
		{2FCAD46C-2F3E-409C-AD8B-6AA316C8C752}.Release|Any CPU.Build.0 = Release|Any CPU
		{C4284F58-3962-40F7-B0CE-7CC32AFBE7CE}.Debug|Any CPU.ActiveCfg = Debug|Any CPU
		{C4284F58-3962-40F7-B0CE-7CC32AFBE7CE}.Debug|Any CPU.Build.0 = Debug|Any CPU
		{C4284F58-3962-40F7-B0CE-7CC32AFBE7CE}.Release|Any CPU.ActiveCfg = Release|Any CPU
		{C4284F58-3962-40F7-B0CE-7CC32AFBE7CE}.Release|Any CPU.Build.0 = Release|Any CPU
	EndGlobalSection
	GlobalSection(SolutionProperties) = preSolution
		HideSolutionNode = FALSE
	EndGlobalSection
	GlobalSection(ExtensibilityGlobals) = postSolution
		SolutionGuid = {611173BB-905E-4A42-AA8D-20AE05D57F78}
	EndGlobalSection
EndGlobal
